
Microsoft Visual Studio Solution File, Format Version 12.00
# Visual Studio Version 17
VisualStudioVersion = 17.6.33723.286
MinimumVisualStudioVersion = 10.0.40219.1
Project("{FAE04EC0-301F-11D3-BF4B-00C04F79EFBC}") = "hw21.08.task1", "hw21.08.task1\hw21.08.task1.csproj", "{59134EDC-7BF4-4F3C-BBDB-32A156001E7C}"
EndProject
Project("{FAE04EC0-301F-11D3-BF4B-00C04F79EFBC}") = "hw21.08.task2", "hw21.08.task2\hw21.08.task2.csproj", "{2E0D6F5D-4F4C-4130-BFD9-A4ECFEB1D84E}"
EndProject
Project("{FAE04EC0-301F-11D3-BF4B-00C04F79EFBC}") = "hw21.08.task3", "hw21.08.task3\hw21.08.task3.csproj", "{6A5E4DBC-2E9F-427C-8D52-C5992FCCAC13}"
EndProject
Global
	GlobalSection(SolutionConfigurationPlatforms) = preSolution
		Debug|Any CPU = Debug|Any CPU
		Release|Any CPU = Release|Any CPU
	EndGlobalSection
	GlobalSection(ProjectConfigurationPlatforms) = postSolution
		{59134EDC-7BF4-4F3C-BBDB-32A156001E7C}.Debug|Any CPU.ActiveCfg = Debug|Any CPU
		{59134EDC-7BF4-4F3C-BBDB-32A156001E7C}.Debug|Any CPU.Build.0 = Debug|Any CPU
		{59134EDC-7BF4-4F3C-BBDB-32A156001E7C}.Release|Any CPU.ActiveCfg = Release|Any CPU
		{59134EDC-7BF4-4F3C-BBDB-32A156001E7C}.Release|Any CPU.Build.0 = Release|Any CPU
		{2E0D6F5D-4F4C-4130-BFD9-A4ECFEB1D84E}.Debug|Any CPU.ActiveCfg = Debug|Any CPU
		{2E0D6F5D-4F4C-4130-BFD9-A4ECFEB1D84E}.Debug|Any CPU.Build.0 = Debug|Any CPU
		{2E0D6F5D-4F4C-4130-BFD9-A4ECFEB1D84E}.Release|Any CPU.ActiveCfg = Release|Any CPU
		{2E0D6F5D-4F4C-4130-BFD9-A4ECFEB1D84E}.Release|Any CPU.Build.0 = Release|Any CPU
		{6A5E4DBC-2E9F-427C-8D52-C5992FCCAC13}.Debug|Any CPU.ActiveCfg = Debug|Any CPU
		{6A5E4DBC-2E9F-427C-8D52-C5992FCCAC13}.Debug|Any CPU.Build.0 = Debug|Any CPU
		{6A5E4DBC-2E9F-427C-8D52-C5992FCCAC13}.Release|Any CPU.ActiveCfg = Release|Any CPU
		{6A5E4DBC-2E9F-427C-8D52-C5992FCCAC13}.Release|Any CPU.Build.0 = Release|Any CPU
	EndGlobalSection
	GlobalSection(SolutionProperties) = preSolution
		HideSolutionNode = FALSE
	EndGlobalSection
	GlobalSection(ExtensibilityGlobals) = postSolution
		SolutionGuid = {5CC63105-BAE7-40DD-83A0-24AAAFA232B6}
	EndGlobalSection
EndGlobal
